
Microsoft Visual Studio Solution File, Format Version 12.00
# Visual Studio Version 17
VisualStudioVersion = 17.0.31903.59
MinimumVisualStudioVersion = 10.0.40219.1
Project("{2150E333-8FDC-42A3-9474-1A3956D46DE8}") = "src", "src", "{40818798-F66E-4F3F-A88E-4C82B8D007C2}"
EndProject
Project("{FAE04EC0-301F-11D3-BF4B-00C04F79EFBC}") = "todo-console", "src\todo-console\todo-console.csproj", "{CA3865AF-DAAC-4961-9A12-F48FB3CDD491}"
EndProject
Global
	GlobalSection(SolutionConfigurationPlatforms) = preSolution
		Debug|Any CPU = Debug|Any CPU
		Release|Any CPU = Release|Any CPU
	EndGlobalSection
	GlobalSection(SolutionProperties) = preSolution
		HideSolutionNode = FALSE
	EndGlobalSection
	GlobalSection(ProjectConfigurationPlatforms) = postSolution
		{CA3865AF-DAAC-4961-9A12-F48FB3CDD491}.Debug|Any CPU.ActiveCfg = Debug|Any CPU
		{CA3865AF-DAAC-4961-9A12-F48FB3CDD491}.Debug|Any CPU.Build.0 = Debug|Any CPU
		{CA3865AF-DAAC-4961-9A12-F48FB3CDD491}.Release|Any CPU.ActiveCfg = Release|Any CPU
		{CA3865AF-DAAC-4961-9A12-F48FB3CDD491}.Release|Any CPU.Build.0 = Release|Any CPU
	EndGlobalSection
	GlobalSection(NestedProjects) = preSolution
		{CA3865AF-DAAC-4961-9A12-F48FB3CDD491} = {40818798-F66E-4F3F-A88E-4C82B8D007C2}
	EndGlobalSection
EndGlobal
